
Microsoft Visual Studio Solution File, Format Version 12.00
# Visual Studio Version 17
VisualStudioVersion = 17.14.36401.2 d17.14
MinimumVisualStudioVersion = 10.0.40219.1
Project("{FAE04EC0-301F-11D3-BF4B-00C04F79EFBC}") = "ListaExerciciosPolimorfismo", "ListaExerciciosPolimorfismo\ListaExerciciosPolimorfismo.csproj", "{918E4F74-5989-4F09-860C-FD3CF32B7036}"
EndProject
Global
	GlobalSection(SolutionConfigurationPlatforms) = preSolution
		Debug|Any CPU = Debug|Any CPU
		Release|Any CPU = Release|Any CPU
	EndGlobalSection
	GlobalSection(ProjectConfigurationPlatforms) = postSolution
		{918E4F74-5989-4F09-860C-FD3CF32B7036}.Debug|Any CPU.ActiveCfg = Debug|Any CPU
		{918E4F74-5989-4F09-860C-FD3CF32B7036}.Debug|Any CPU.Build.0 = Debug|Any CPU
		{918E4F74-5989-4F09-860C-FD3CF32B7036}.Release|Any CPU.ActiveCfg = Release|Any CPU
		{918E4F74-5989-4F09-860C-FD3CF32B7036}.Release|Any CPU.Build.0 = Release|Any CPU
	EndGlobalSection
	GlobalSection(SolutionProperties) = preSolution
		HideSolutionNode = FALSE
	EndGlobalSection
	GlobalSection(ExtensibilityGlobals) = postSolution
		SolutionGuid = {DC7A4DD9-A8EA-4D77-92AE-765C0D7D3DEF}
	EndGlobalSection
EndGlobal
