
Microsoft Visual Studio Solution File, Format Version 12.00
# Visual Studio Version 17
VisualStudioVersion = 17.14.36401.2 d17.14
MinimumVisualStudioVersion = 10.0.40219.1
Project("{FAE04EC0-301F-11D3-BF4B-00C04F79EFBC}") = "Ex Entrada de dados", "Ex Entrada de dados\Ex Entrada de dados.csproj", "{68864323-1BF7-4553-821A-0C3CB667EBD6}"
EndProject
Global
	GlobalSection(SolutionConfigurationPlatforms) = preSolution
		Debug|Any CPU = Debug|Any CPU
		Release|Any CPU = Release|Any CPU
	EndGlobalSection
	GlobalSection(ProjectConfigurationPlatforms) = postSolution
		{68864323-1BF7-4553-821A-0C3CB667EBD6}.Debug|Any CPU.ActiveCfg = Debug|Any CPU
		{68864323-1BF7-4553-821A-0C3CB667EBD6}.Debug|Any CPU.Build.0 = Debug|Any CPU
		{68864323-1BF7-4553-821A-0C3CB667EBD6}.Release|Any CPU.ActiveCfg = Release|Any CPU
		{68864323-1BF7-4553-821A-0C3CB667EBD6}.Release|Any CPU.Build.0 = Release|Any CPU
	EndGlobalSection
	GlobalSection(SolutionProperties) = preSolution
		HideSolutionNode = FALSE
	EndGlobalSection
	GlobalSection(ExtensibilityGlobals) = postSolution
		SolutionGuid = {02FB211D-4F3F-45A5-BF9C-CACFA6DE200A}
	EndGlobalSection
EndGlobal
