
Microsoft Visual Studio Solution File, Format Version 12.00
# Visual Studio Version 17
VisualStudioVersion = 17.14.36401.2 d17.14
MinimumVisualStudioVersion = 10.0.40219.1
Project("{FAE04EC0-301F-11D3-BF4B-00C04F79EFBC}") = "ExString", "ExString\ExString.csproj", "{5C86CA08-4A97-43AA-844C-E4C0BE51789C}"
EndProject
Global
	GlobalSection(SolutionConfigurationPlatforms) = preSolution
		Debug|Any CPU = Debug|Any CPU
		Release|Any CPU = Release|Any CPU
	EndGlobalSection
	GlobalSection(ProjectConfigurationPlatforms) = postSolution
		{5C86CA08-4A97-43AA-844C-E4C0BE51789C}.Debug|Any CPU.ActiveCfg = Debug|Any CPU
		{5C86CA08-4A97-43AA-844C-E4C0BE51789C}.Debug|Any CPU.Build.0 = Debug|Any CPU
		{5C86CA08-4A97-43AA-844C-E4C0BE51789C}.Release|Any CPU.ActiveCfg = Release|Any CPU
		{5C86CA08-4A97-43AA-844C-E4C0BE51789C}.Release|Any CPU.Build.0 = Release|Any CPU
	EndGlobalSection
	GlobalSection(SolutionProperties) = preSolution
		HideSolutionNode = FALSE
	EndGlobalSection
	GlobalSection(ExtensibilityGlobals) = postSolution
		SolutionGuid = {5ACB4622-4BA8-4B92-B5BB-2B1DE2E9B95A}
	EndGlobalSection
EndGlobal
