
Microsoft Visual Studio Solution File, Format Version 12.00
# Visual Studio Version 17
VisualStudioVersion = 17.14.36401.2 d17.14
MinimumVisualStudioVersion = 10.0.40219.1
Project("{FAE04EC0-301F-11D3-BF4B-00C04F79EFBC}") = "InterfaceIComparable", "InterfaceIComparable\InterfaceIComparable.csproj", "{A50FEC4F-450B-411B-BDDC-79DDD9B83607}"
EndProject
Global
	GlobalSection(SolutionConfigurationPlatforms) = preSolution
		Debug|Any CPU = Debug|Any CPU
		Release|Any CPU = Release|Any CPU
	EndGlobalSection
	GlobalSection(ProjectConfigurationPlatforms) = postSolution
		{A50FEC4F-450B-411B-BDDC-79DDD9B83607}.Debug|Any CPU.ActiveCfg = Debug|Any CPU
		{A50FEC4F-450B-411B-BDDC-79DDD9B83607}.Debug|Any CPU.Build.0 = Debug|Any CPU
		{A50FEC4F-450B-411B-BDDC-79DDD9B83607}.Release|Any CPU.ActiveCfg = Release|Any CPU
		{A50FEC4F-450B-411B-BDDC-79DDD9B83607}.Release|Any CPU.Build.0 = Release|Any CPU
	EndGlobalSection
	GlobalSection(SolutionProperties) = preSolution
		HideSolutionNode = FALSE
	EndGlobalSection
	GlobalSection(ExtensibilityGlobals) = postSolution
		SolutionGuid = {8A919D9E-0EF7-4573-AC2A-4948C7194363}
	EndGlobalSection
EndGlobal
