
Microsoft Visual Studio Solution File, Format Version 12.00
# Visual Studio Version 17
VisualStudioVersion = 17.14.36401.2 d17.14
MinimumVisualStudioVersion = 10.0.40219.1
Project("{FAE04EC0-301F-11D3-BF4B-00C04F79EFBC}") = "Operadores de atribuição cumulativa", "Operadores de atribuição cumulativa\Operadores de atribuição cumulativa.csproj", "{D9B7DEDD-97C1-443C-B3DF-770E294EB563}"
EndProject
Global
	GlobalSection(SolutionConfigurationPlatforms) = preSolution
		Debug|Any CPU = Debug|Any CPU
		Release|Any CPU = Release|Any CPU
	EndGlobalSection
	GlobalSection(ProjectConfigurationPlatforms) = postSolution
		{D9B7DEDD-97C1-443C-B3DF-770E294EB563}.Debug|Any CPU.ActiveCfg = Debug|Any CPU
		{D9B7DEDD-97C1-443C-B3DF-770E294EB563}.Debug|Any CPU.Build.0 = Debug|Any CPU
		{D9B7DEDD-97C1-443C-B3DF-770E294EB563}.Release|Any CPU.ActiveCfg = Release|Any CPU
		{D9B7DEDD-97C1-443C-B3DF-770E294EB563}.Release|Any CPU.Build.0 = Release|Any CPU
	EndGlobalSection
	GlobalSection(SolutionProperties) = preSolution
		HideSolutionNode = FALSE
	EndGlobalSection
	GlobalSection(ExtensibilityGlobals) = postSolution
		SolutionGuid = {4DD767FA-E557-40C6-9B9C-5136C76E2D9B}
	EndGlobalSection
EndGlobal
