
Microsoft Visual Studio Solution File, Format Version 12.00
# Visual Studio Version 17
VisualStudioVersion = 17.14.36401.2 d17.14
MinimumVisualStudioVersion = 10.0.40219.1
Project("{FAE04EC0-301F-11D3-BF4B-00C04F79EFBC}") = "Course", "Course\Course.csproj", "{D00E2E07-CA05-42AB-A405-8CC1FB95D48E}"
EndProject
Global
	GlobalSection(SolutionConfigurationPlatforms) = preSolution
		Debug|Any CPU = Debug|Any CPU
		Release|Any CPU = Release|Any CPU
	EndGlobalSection
	GlobalSection(ProjectConfigurationPlatforms) = postSolution
		{D00E2E07-CA05-42AB-A405-8CC1FB95D48E}.Debug|Any CPU.ActiveCfg = Debug|Any CPU
		{D00E2E07-CA05-42AB-A405-8CC1FB95D48E}.Debug|Any CPU.Build.0 = Debug|Any CPU
		{D00E2E07-CA05-42AB-A405-8CC1FB95D48E}.Release|Any CPU.ActiveCfg = Release|Any CPU
		{D00E2E07-CA05-42AB-A405-8CC1FB95D48E}.Release|Any CPU.Build.0 = Release|Any CPU
	EndGlobalSection
	GlobalSection(SolutionProperties) = preSolution
		HideSolutionNode = FALSE
	EndGlobalSection
	GlobalSection(ExtensibilityGlobals) = postSolution
		SolutionGuid = {6F5C8289-AA4D-4C2A-90D4-6B97606CB009}
	EndGlobalSection
EndGlobal
