
Microsoft Visual Studio Solution File, Format Version 12.00
# Visual Studio Version 17
VisualStudioVersion = 17.14.36401.2 d17.14
MinimumVisualStudioVersion = 10.0.40219.1
Project("{FAE04EC0-301F-11D3-BF4B-00C04F79EFBC}") = "UriOnlineJU", "UriOnlineJU\UriOnlineJU.csproj", "{5731862C-A345-4C1D-B54A-67DE8B433139}"
EndProject
Global
	GlobalSection(SolutionConfigurationPlatforms) = preSolution
		Debug|Any CPU = Debug|Any CPU
		Release|Any CPU = Release|Any CPU
	EndGlobalSection
	GlobalSection(ProjectConfigurationPlatforms) = postSolution
		{5731862C-A345-4C1D-B54A-67DE8B433139}.Debug|Any CPU.ActiveCfg = Debug|Any CPU
		{5731862C-A345-4C1D-B54A-67DE8B433139}.Debug|Any CPU.Build.0 = Debug|Any CPU
		{5731862C-A345-4C1D-B54A-67DE8B433139}.Release|Any CPU.ActiveCfg = Release|Any CPU
		{5731862C-A345-4C1D-B54A-67DE8B433139}.Release|Any CPU.Build.0 = Release|Any CPU
	EndGlobalSection
	GlobalSection(SolutionProperties) = preSolution
		HideSolutionNode = FALSE
	EndGlobalSection
	GlobalSection(ExtensibilityGlobals) = postSolution
		SolutionGuid = {CBEA219D-E0B0-4504-AFD8-6702F7778565}
	EndGlobalSection
EndGlobal
