
Microsoft Visual Studio Solution File, Format Version 12.00
# Visual Studio Version 17
VisualStudioVersion = 17.14.36401.2 d17.14
MinimumVisualStudioVersion = 10.0.40219.1
Project("{FAE04EC0-301F-11D3-BF4B-00C04F79EFBC}") = "UsandoTimeSpan", "UsandoTimeSpan\UsandoTimeSpan.csproj", "{72134505-2D25-44F9-AFEA-B24925084D7A}"
EndProject
Global
	GlobalSection(SolutionConfigurationPlatforms) = preSolution
		Debug|Any CPU = Debug|Any CPU
		Release|Any CPU = Release|Any CPU
	EndGlobalSection
	GlobalSection(ProjectConfigurationPlatforms) = postSolution
		{72134505-2D25-44F9-AFEA-B24925084D7A}.Debug|Any CPU.ActiveCfg = Debug|Any CPU
		{72134505-2D25-44F9-AFEA-B24925084D7A}.Debug|Any CPU.Build.0 = Debug|Any CPU
		{72134505-2D25-44F9-AFEA-B24925084D7A}.Release|Any CPU.ActiveCfg = Release|Any CPU
		{72134505-2D25-44F9-AFEA-B24925084D7A}.Release|Any CPU.Build.0 = Release|Any CPU
	EndGlobalSection
	GlobalSection(SolutionProperties) = preSolution
		HideSolutionNode = FALSE
	EndGlobalSection
	GlobalSection(ExtensibilityGlobals) = postSolution
		SolutionGuid = {33DBDF31-A35F-46D4-925A-D84853C3C530}
	EndGlobalSection
EndGlobal
