
Microsoft Visual Studio Solution File, Format Version 12.00
# Visual Studio Version 17
VisualStudioVersion = 17.14.36401.2 d17.14
MinimumVisualStudioVersion = 10.0.40219.1
Project("{FAE04EC0-301F-11D3-BF4B-00C04F79EFBC}") = "ExVetor2", "ExVetor2\ExVetor2.csproj", "{2350D0FA-4C39-4A8B-83F8-61F778A1C67F}"
EndProject
Global
	GlobalSection(SolutionConfigurationPlatforms) = preSolution
		Debug|Any CPU = Debug|Any CPU
		Release|Any CPU = Release|Any CPU
	EndGlobalSection
	GlobalSection(ProjectConfigurationPlatforms) = postSolution
		{2350D0FA-4C39-4A8B-83F8-61F778A1C67F}.Debug|Any CPU.ActiveCfg = Debug|Any CPU
		{2350D0FA-4C39-4A8B-83F8-61F778A1C67F}.Debug|Any CPU.Build.0 = Debug|Any CPU
		{2350D0FA-4C39-4A8B-83F8-61F778A1C67F}.Release|Any CPU.ActiveCfg = Release|Any CPU
		{2350D0FA-4C39-4A8B-83F8-61F778A1C67F}.Release|Any CPU.Build.0 = Release|Any CPU
	EndGlobalSection
	GlobalSection(SolutionProperties) = preSolution
		HideSolutionNode = FALSE
	EndGlobalSection
	GlobalSection(ExtensibilityGlobals) = postSolution
		SolutionGuid = {3BBCD917-CBC1-4BDC-8A11-E8D4392C8CC1}
	EndGlobalSection
EndGlobal
