
Microsoft Visual Studio Solution File, Format Version 12.00
# Visual Studio Version 17
VisualStudioVersion = 17.14.36401.2 d17.14
MinimumVisualStudioVersion = 10.0.40219.1
Project("{FAE04EC0-301F-11D3-BF4B-00C04F79EFBC}") = "ExExceptionsPersonalizadas", "ExExceptionsPersonalizadas\ExExceptionsPersonalizadas.csproj", "{1DA05A7A-66A8-416C-A7F3-EC5C9ADE5D87}"
EndProject
Global
	GlobalSection(SolutionConfigurationPlatforms) = preSolution
		Debug|Any CPU = Debug|Any CPU
		Release|Any CPU = Release|Any CPU
	EndGlobalSection
	GlobalSection(ProjectConfigurationPlatforms) = postSolution
		{1DA05A7A-66A8-416C-A7F3-EC5C9ADE5D87}.Debug|Any CPU.ActiveCfg = Debug|Any CPU
		{1DA05A7A-66A8-416C-A7F3-EC5C9ADE5D87}.Debug|Any CPU.Build.0 = Debug|Any CPU
		{1DA05A7A-66A8-416C-A7F3-EC5C9ADE5D87}.Release|Any CPU.ActiveCfg = Release|Any CPU
		{1DA05A7A-66A8-416C-A7F3-EC5C9ADE5D87}.Release|Any CPU.Build.0 = Release|Any CPU
	EndGlobalSection
	GlobalSection(SolutionProperties) = preSolution
		HideSolutionNode = FALSE
	EndGlobalSection
	GlobalSection(ExtensibilityGlobals) = postSolution
		SolutionGuid = {B36A4089-3D87-4BA3-8ECE-2D52A3A4F106}
	EndGlobalSection
EndGlobal
