
Microsoft Visual Studio Solution File, Format Version 12.00
# Visual Studio Version 17
VisualStudioVersion = 17.14.36401.2 d17.14
MinimumVisualStudioVersion = 10.0.40219.1
Project("{FAE04EC0-301F-11D3-BF4B-00C04F79EFBC}") = "ExerciciosDelegates", "ExerciciosDelegates\ExerciciosDelegates.csproj", "{177EB82E-01F9-455F-8D01-F29CB235C052}"
EndProject
Global
	GlobalSection(SolutionConfigurationPlatforms) = preSolution
		Debug|Any CPU = Debug|Any CPU
		Release|Any CPU = Release|Any CPU
	EndGlobalSection
	GlobalSection(ProjectConfigurationPlatforms) = postSolution
		{177EB82E-01F9-455F-8D01-F29CB235C052}.Debug|Any CPU.ActiveCfg = Debug|Any CPU
		{177EB82E-01F9-455F-8D01-F29CB235C052}.Debug|Any CPU.Build.0 = Debug|Any CPU
		{177EB82E-01F9-455F-8D01-F29CB235C052}.Release|Any CPU.ActiveCfg = Release|Any CPU
		{177EB82E-01F9-455F-8D01-F29CB235C052}.Release|Any CPU.Build.0 = Release|Any CPU
	EndGlobalSection
	GlobalSection(SolutionProperties) = preSolution
		HideSolutionNode = FALSE
	EndGlobalSection
	GlobalSection(ExtensibilityGlobals) = postSolution
		SolutionGuid = {2776439E-9A59-414C-9CA9-EC56A12157C1}
	EndGlobalSection
EndGlobal
