
Microsoft Visual Studio Solution File, Format Version 12.00
# Visual Studio Version 17
VisualStudioVersion = 17.14.36401.2 d17.14
MinimumVisualStudioVersion = 10.0.40219.1
Project("{FAE04EC0-301F-11D3-BF4B-00C04F79EFBC}") = "ExStruct", "ExStruct\ExStruct.csproj", "{A30A530C-15EE-4F9C-AF99-2BBEA9F6691F}"
EndProject
Global
	GlobalSection(SolutionConfigurationPlatforms) = preSolution
		Debug|Any CPU = Debug|Any CPU
		Release|Any CPU = Release|Any CPU
	EndGlobalSection
	GlobalSection(ProjectConfigurationPlatforms) = postSolution
		{A30A530C-15EE-4F9C-AF99-2BBEA9F6691F}.Debug|Any CPU.ActiveCfg = Debug|Any CPU
		{A30A530C-15EE-4F9C-AF99-2BBEA9F6691F}.Debug|Any CPU.Build.0 = Debug|Any CPU
		{A30A530C-15EE-4F9C-AF99-2BBEA9F6691F}.Release|Any CPU.ActiveCfg = Release|Any CPU
		{A30A530C-15EE-4F9C-AF99-2BBEA9F6691F}.Release|Any CPU.Build.0 = Release|Any CPU
	EndGlobalSection
	GlobalSection(SolutionProperties) = preSolution
		HideSolutionNode = FALSE
	EndGlobalSection
	GlobalSection(ExtensibilityGlobals) = postSolution
		SolutionGuid = {D1DC3F36-6812-4F4D-B27E-94CB5F6B015D}
	EndGlobalSection
EndGlobal
