
Microsoft Visual Studio Solution File, Format Version 12.00
# Visual Studio Version 17
VisualStudioVersion = 17.14.36401.2 d17.14
MinimumVisualStudioVersion = 10.0.40219.1
Project("{FAE04EC0-301F-11D3-BF4B-00C04F79EFBC}") = "SobreposicaoPalavrasVirtualOverrideBase", "SobreposicaoPalavrasVirtualOverrideBase\SobreposicaoPalavrasVirtualOverrideBase.csproj", "{3F0C0782-A80D-4B70-81C1-A903F4BE3E74}"
EndProject
Global
	GlobalSection(SolutionConfigurationPlatforms) = preSolution
		Debug|Any CPU = Debug|Any CPU
		Release|Any CPU = Release|Any CPU
	EndGlobalSection
	GlobalSection(ProjectConfigurationPlatforms) = postSolution
		{3F0C0782-A80D-4B70-81C1-A903F4BE3E74}.Debug|Any CPU.ActiveCfg = Debug|Any CPU
		{3F0C0782-A80D-4B70-81C1-A903F4BE3E74}.Debug|Any CPU.Build.0 = Debug|Any CPU
		{3F0C0782-A80D-4B70-81C1-A903F4BE3E74}.Release|Any CPU.ActiveCfg = Release|Any CPU
		{3F0C0782-A80D-4B70-81C1-A903F4BE3E74}.Release|Any CPU.Build.0 = Release|Any CPU
	EndGlobalSection
	GlobalSection(SolutionProperties) = preSolution
		HideSolutionNode = FALSE
	EndGlobalSection
	GlobalSection(ExtensibilityGlobals) = postSolution
		SolutionGuid = {B6BDEB98-E749-4319-8033-EFF3774E7704}
	EndGlobalSection
EndGlobal
