
Microsoft Visual Studio Solution File, Format Version 12.00
# Visual Studio Version 17
VisualStudioVersion = 17.14.36401.2 d17.14
MinimumVisualStudioVersion = 10.0.40219.1
Project("{FAE04EC0-301F-11D3-BF4B-00C04F79EFBC}") = "MulticastDelegates", "MulticastDelegates\MulticastDelegates.csproj", "{698E2335-246D-4BF4-8E56-0E2300F3327D}"
EndProject
Global
	GlobalSection(SolutionConfigurationPlatforms) = preSolution
		Debug|Any CPU = Debug|Any CPU
		Release|Any CPU = Release|Any CPU
	EndGlobalSection
	GlobalSection(ProjectConfigurationPlatforms) = postSolution
		{698E2335-246D-4BF4-8E56-0E2300F3327D}.Debug|Any CPU.ActiveCfg = Debug|Any CPU
		{698E2335-246D-4BF4-8E56-0E2300F3327D}.Debug|Any CPU.Build.0 = Debug|Any CPU
		{698E2335-246D-4BF4-8E56-0E2300F3327D}.Release|Any CPU.ActiveCfg = Release|Any CPU
		{698E2335-246D-4BF4-8E56-0E2300F3327D}.Release|Any CPU.Build.0 = Release|Any CPU
	EndGlobalSection
	GlobalSection(SolutionProperties) = preSolution
		HideSolutionNode = FALSE
	EndGlobalSection
	GlobalSection(ExtensibilityGlobals) = postSolution
		SolutionGuid = {F33B2D54-517E-45A3-91BE-3865DA8B09CA}
	EndGlobalSection
EndGlobal
