
Microsoft Visual Studio Solution File, Format Version 12.00
# Visual Studio Version 17
VisualStudioVersion = 17.14.36401.2 d17.14
MinimumVisualStudioVersion = 10.0.40219.1
Project("{FAE04EC0-301F-11D3-BF4B-00C04F79EFBC}") = "Ex4", "Ex4\Ex4.csproj", "{EB757DE9-80BA-4E18-9EEE-2631C1612227}"
EndProject
Global
	GlobalSection(SolutionConfigurationPlatforms) = preSolution
		Debug|Any CPU = Debug|Any CPU
		Release|Any CPU = Release|Any CPU
	EndGlobalSection
	GlobalSection(ProjectConfigurationPlatforms) = postSolution
		{EB757DE9-80BA-4E18-9EEE-2631C1612227}.Debug|Any CPU.ActiveCfg = Debug|Any CPU
		{EB757DE9-80BA-4E18-9EEE-2631C1612227}.Debug|Any CPU.Build.0 = Debug|Any CPU
		{EB757DE9-80BA-4E18-9EEE-2631C1612227}.Release|Any CPU.ActiveCfg = Release|Any CPU
		{EB757DE9-80BA-4E18-9EEE-2631C1612227}.Release|Any CPU.Build.0 = Release|Any CPU
	EndGlobalSection
	GlobalSection(SolutionProperties) = preSolution
		HideSolutionNode = FALSE
	EndGlobalSection
	GlobalSection(ExtensibilityGlobals) = postSolution
		SolutionGuid = {E50C1946-613F-4970-8BF9-4A3E2CFC5479}
	EndGlobalSection
EndGlobal
