
Microsoft Visual Studio Solution File, Format Version 12.00
# Visual Studio Version 17
VisualStudioVersion = 17.14.36401.2 d17.14
MinimumVisualStudioVersion = 10.0.40219.1
Project("{FAE04EC0-301F-11D3-BF4B-00C04F79EFBC}") = "Lista de exercicios  Matriz", "Lista de exercicios  Matriz\Lista de exercicios  Matriz.csproj", "{869963D8-05A9-442D-9196-BBEE7D839605}"
EndProject
Global
	GlobalSection(SolutionConfigurationPlatforms) = preSolution
		Debug|Any CPU = Debug|Any CPU
		Release|Any CPU = Release|Any CPU
	EndGlobalSection
	GlobalSection(ProjectConfigurationPlatforms) = postSolution
		{869963D8-05A9-442D-9196-BBEE7D839605}.Debug|Any CPU.ActiveCfg = Debug|Any CPU
		{869963D8-05A9-442D-9196-BBEE7D839605}.Debug|Any CPU.Build.0 = Debug|Any CPU
		{869963D8-05A9-442D-9196-BBEE7D839605}.Release|Any CPU.ActiveCfg = Release|Any CPU
		{869963D8-05A9-442D-9196-BBEE7D839605}.Release|Any CPU.Build.0 = Release|Any CPU
	EndGlobalSection
	GlobalSection(SolutionProperties) = preSolution
		HideSolutionNode = FALSE
	EndGlobalSection
	GlobalSection(ExtensibilityGlobals) = postSolution
		SolutionGuid = {E825906D-DD22-4151-8EBE-C50D87AFB448}
	EndGlobalSection
EndGlobal
