
Microsoft Visual Studio Solution File, Format Version 12.00
# Visual Studio Version 17
VisualStudioVersion = 17.14.36401.2 d17.14
MinimumVisualStudioVersion = 10.0.40219.1
Project("{FAE04EC0-301F-11D3-BF4B-00C04F79EFBC}") = "Herança", "Herança\Herança.csproj", "{CBD3963A-8599-44A3-A5FE-1B3C2B78BFA0}"
EndProject
Global
	GlobalSection(SolutionConfigurationPlatforms) = preSolution
		Debug|Any CPU = Debug|Any CPU
		Release|Any CPU = Release|Any CPU
	EndGlobalSection
	GlobalSection(ProjectConfigurationPlatforms) = postSolution
		{CBD3963A-8599-44A3-A5FE-1B3C2B78BFA0}.Debug|Any CPU.ActiveCfg = Debug|Any CPU
		{CBD3963A-8599-44A3-A5FE-1B3C2B78BFA0}.Debug|Any CPU.Build.0 = Debug|Any CPU
		{CBD3963A-8599-44A3-A5FE-1B3C2B78BFA0}.Release|Any CPU.ActiveCfg = Release|Any CPU
		{CBD3963A-8599-44A3-A5FE-1B3C2B78BFA0}.Release|Any CPU.Build.0 = Release|Any CPU
	EndGlobalSection
	GlobalSection(SolutionProperties) = preSolution
		HideSolutionNode = FALSE
	EndGlobalSection
	GlobalSection(ExtensibilityGlobals) = postSolution
		SolutionGuid = {A83AC05B-C1F2-4160-B461-F5EE7E4BBEE9}
	EndGlobalSection
EndGlobal
