
Microsoft Visual Studio Solution File, Format Version 12.00
# Visual Studio Version 17
VisualStudioVersion = 17.14.36401.2 d17.14
MinimumVisualStudioVersion = 10.0.40219.1
Project("{FAE04EC0-301F-11D3-BF4B-00C04F79EFBC}") = "IntroducaoAoDelegate", "IntroducaoAoDelegate\IntroducaoAoDelegate.csproj", "{533C33AC-C565-4F96-B42A-C2111A0F9689}"
EndProject
Global
	GlobalSection(SolutionConfigurationPlatforms) = preSolution
		Debug|Any CPU = Debug|Any CPU
		Release|Any CPU = Release|Any CPU
	EndGlobalSection
	GlobalSection(ProjectConfigurationPlatforms) = postSolution
		{533C33AC-C565-4F96-B42A-C2111A0F9689}.Debug|Any CPU.ActiveCfg = Debug|Any CPU
		{533C33AC-C565-4F96-B42A-C2111A0F9689}.Debug|Any CPU.Build.0 = Debug|Any CPU
		{533C33AC-C565-4F96-B42A-C2111A0F9689}.Release|Any CPU.ActiveCfg = Release|Any CPU
		{533C33AC-C565-4F96-B42A-C2111A0F9689}.Release|Any CPU.Build.0 = Release|Any CPU
	EndGlobalSection
	GlobalSection(SolutionProperties) = preSolution
		HideSolutionNode = FALSE
	EndGlobalSection
	GlobalSection(ExtensibilityGlobals) = postSolution
		SolutionGuid = {830A5747-BDB8-448B-B6C0-67FBC7EF5CD5}
	EndGlobalSection
EndGlobal
