
Microsoft Visual Studio Solution File, Format Version 12.00
# Visual Studio Version 17
VisualStudioVersion = 17.14.36401.2 d17.14
MinimumVisualStudioVersion = 10.0.40219.1
Project("{FAE04EC0-301F-11D3-BF4B-00C04F79EFBC}") = "HerançasMultiplasEoProblemaDoDiamante", "HerançasMultiplasEoProblemaDoDiamante\HerançasMultiplasEoProblemaDoDiamante.csproj", "{D4D7A4DB-C888-4620-9083-F7DBF050B5A7}"
EndProject
Global
	GlobalSection(SolutionConfigurationPlatforms) = preSolution
		Debug|Any CPU = Debug|Any CPU
		Release|Any CPU = Release|Any CPU
	EndGlobalSection
	GlobalSection(ProjectConfigurationPlatforms) = postSolution
		{D4D7A4DB-C888-4620-9083-F7DBF050B5A7}.Debug|Any CPU.ActiveCfg = Debug|Any CPU
		{D4D7A4DB-C888-4620-9083-F7DBF050B5A7}.Debug|Any CPU.Build.0 = Debug|Any CPU
		{D4D7A4DB-C888-4620-9083-F7DBF050B5A7}.Release|Any CPU.ActiveCfg = Release|Any CPU
		{D4D7A4DB-C888-4620-9083-F7DBF050B5A7}.Release|Any CPU.Build.0 = Release|Any CPU
	EndGlobalSection
	GlobalSection(SolutionProperties) = preSolution
		HideSolutionNode = FALSE
	EndGlobalSection
	GlobalSection(ExtensibilityGlobals) = postSolution
		SolutionGuid = {48CDCDBF-0C8C-4D6F-A3D6-9C3D46F636D6}
	EndGlobalSection
EndGlobal
