
Microsoft Visual Studio Solution File, Format Version 12.00
# Visual Studio Version 17
VisualStudioVersion = 17.14.36401.2 d17.14
MinimumVisualStudioVersion = 10.0.40219.1
Project("{FAE04EC0-301F-11D3-BF4B-00C04F79EFBC}") = "PropriedadesEOperaçõesComDateTime", "PropriedadesEOperaçõesComDateTime\PropriedadesEOperaçõesComDateTime.csproj", "{A0391F9C-76DA-49A6-B2C0-88E5299E130C}"
EndProject
Global
	GlobalSection(SolutionConfigurationPlatforms) = preSolution
		Debug|Any CPU = Debug|Any CPU
		Release|Any CPU = Release|Any CPU
	EndGlobalSection
	GlobalSection(ProjectConfigurationPlatforms) = postSolution
		{A0391F9C-76DA-49A6-B2C0-88E5299E130C}.Debug|Any CPU.ActiveCfg = Debug|Any CPU
		{A0391F9C-76DA-49A6-B2C0-88E5299E130C}.Debug|Any CPU.Build.0 = Debug|Any CPU
		{A0391F9C-76DA-49A6-B2C0-88E5299E130C}.Release|Any CPU.ActiveCfg = Release|Any CPU
		{A0391F9C-76DA-49A6-B2C0-88E5299E130C}.Release|Any CPU.Build.0 = Release|Any CPU
	EndGlobalSection
	GlobalSection(SolutionProperties) = preSolution
		HideSolutionNode = FALSE
	EndGlobalSection
	GlobalSection(ExtensibilityGlobals) = postSolution
		SolutionGuid = {B4426685-1BF2-4D0A-AE91-5B248430E422}
	EndGlobalSection
EndGlobal
