
Microsoft Visual Studio Solution File, Format Version 12.00
# Visual Studio Version 17
VisualStudioVersion = 17.14.36401.2 d17.14
MinimumVisualStudioVersion = 10.0.40219.1
Project("{FAE04EC0-301F-11D3-BF4B-00C04F79EFBC}") = "Ex6", "Ex6\Ex6.csproj", "{BBFF5F43-CD0E-4640-8D76-A98806B59D20}"
EndProject
Global
	GlobalSection(SolutionConfigurationPlatforms) = preSolution
		Debug|Any CPU = Debug|Any CPU
		Release|Any CPU = Release|Any CPU
	EndGlobalSection
	GlobalSection(ProjectConfigurationPlatforms) = postSolution
		{BBFF5F43-CD0E-4640-8D76-A98806B59D20}.Debug|Any CPU.ActiveCfg = Debug|Any CPU
		{BBFF5F43-CD0E-4640-8D76-A98806B59D20}.Debug|Any CPU.Build.0 = Debug|Any CPU
		{BBFF5F43-CD0E-4640-8D76-A98806B59D20}.Release|Any CPU.ActiveCfg = Release|Any CPU
		{BBFF5F43-CD0E-4640-8D76-A98806B59D20}.Release|Any CPU.Build.0 = Release|Any CPU
	EndGlobalSection
	GlobalSection(SolutionProperties) = preSolution
		HideSolutionNode = FALSE
	EndGlobalSection
	GlobalSection(ExtensibilityGlobals) = postSolution
		SolutionGuid = {5B4BFE33-6880-42C2-9906-E0416595CF31}
	EndGlobalSection
EndGlobal
