
Microsoft Visual Studio Solution File, Format Version 12.00
# Visual Studio Version 17
VisualStudioVersion = 17.14.36401.2 d17.14
MinimumVisualStudioVersion = 10.0.40219.1
Project("{FAE04EC0-301F-11D3-BF4B-00C04F79EFBC}") = "Demo LINQ com notação similar à SQL", "Demo LINQ com notação similar à SQL\Demo LINQ com notação similar à SQL.csproj", "{44865507-39AB-4EFE-8CE9-7CE05FCEA173}"
EndProject
Global
	GlobalSection(SolutionConfigurationPlatforms) = preSolution
		Debug|Any CPU = Debug|Any CPU
		Release|Any CPU = Release|Any CPU
	EndGlobalSection
	GlobalSection(ProjectConfigurationPlatforms) = postSolution
		{44865507-39AB-4EFE-8CE9-7CE05FCEA173}.Debug|Any CPU.ActiveCfg = Debug|Any CPU
		{44865507-39AB-4EFE-8CE9-7CE05FCEA173}.Debug|Any CPU.Build.0 = Debug|Any CPU
		{44865507-39AB-4EFE-8CE9-7CE05FCEA173}.Release|Any CPU.ActiveCfg = Release|Any CPU
		{44865507-39AB-4EFE-8CE9-7CE05FCEA173}.Release|Any CPU.Build.0 = Release|Any CPU
	EndGlobalSection
	GlobalSection(SolutionProperties) = preSolution
		HideSolutionNode = FALSE
	EndGlobalSection
	GlobalSection(ExtensibilityGlobals) = postSolution
		SolutionGuid = {F2DF83B2-565E-411D-B79A-342E21BA2555}
	EndGlobalSection
EndGlobal
