
Microsoft Visual Studio Solution File, Format Version 12.00
# Visual Studio Version 17
VisualStudioVersion = 17.14.36401.2 d17.14
MinimumVisualStudioVersion = 10.0.40219.1
Project("{FAE04EC0-301F-11D3-BF4B-00C04F79EFBC}") = "ExerciciosLINQ", "ExerciciosLINQ\ExerciciosLINQ.csproj", "{7D5A63BC-6724-467E-B5D2-7C9D4A482BC5}"
EndProject
Global
	GlobalSection(SolutionConfigurationPlatforms) = preSolution
		Debug|Any CPU = Debug|Any CPU
		Release|Any CPU = Release|Any CPU
	EndGlobalSection
	GlobalSection(ProjectConfigurationPlatforms) = postSolution
		{7D5A63BC-6724-467E-B5D2-7C9D4A482BC5}.Debug|Any CPU.ActiveCfg = Debug|Any CPU
		{7D5A63BC-6724-467E-B5D2-7C9D4A482BC5}.Debug|Any CPU.Build.0 = Debug|Any CPU
		{7D5A63BC-6724-467E-B5D2-7C9D4A482BC5}.Release|Any CPU.ActiveCfg = Release|Any CPU
		{7D5A63BC-6724-467E-B5D2-7C9D4A482BC5}.Release|Any CPU.Build.0 = Release|Any CPU
	EndGlobalSection
	GlobalSection(SolutionProperties) = preSolution
		HideSolutionNode = FALSE
	EndGlobalSection
	GlobalSection(ExtensibilityGlobals) = postSolution
		SolutionGuid = {81AB3787-B283-4368-92A4-4E1A2BE0074E}
	EndGlobalSection
EndGlobal
