
Microsoft Visual Studio Solution File, Format Version 12.00
# Visual Studio Version 17
VisualStudioVersion = 17.14.36401.2 d17.14
MinimumVisualStudioVersion = 10.0.40219.1
Project("{FAE04EC0-301F-11D3-BF4B-00C04F79EFBC}") = "ExFixacaoVetores", "ExFixacaoVetores\ExFixacaoVetores.csproj", "{06F98651-2338-4B9B-8753-9A5DE8BFB100}"
EndProject
Global
	GlobalSection(SolutionConfigurationPlatforms) = preSolution
		Debug|Any CPU = Debug|Any CPU
		Release|Any CPU = Release|Any CPU
	EndGlobalSection
	GlobalSection(ProjectConfigurationPlatforms) = postSolution
		{06F98651-2338-4B9B-8753-9A5DE8BFB100}.Debug|Any CPU.ActiveCfg = Debug|Any CPU
		{06F98651-2338-4B9B-8753-9A5DE8BFB100}.Debug|Any CPU.Build.0 = Debug|Any CPU
		{06F98651-2338-4B9B-8753-9A5DE8BFB100}.Release|Any CPU.ActiveCfg = Release|Any CPU
		{06F98651-2338-4B9B-8753-9A5DE8BFB100}.Release|Any CPU.Build.0 = Release|Any CPU
	EndGlobalSection
	GlobalSection(SolutionProperties) = preSolution
		HideSolutionNode = FALSE
	EndGlobalSection
	GlobalSection(ExtensibilityGlobals) = postSolution
		SolutionGuid = {193A40DA-BC84-41A0-A379-46E9EEDEB53E}
	EndGlobalSection
EndGlobal
