
Microsoft Visual Studio Solution File, Format Version 12.00
# Visual Studio Version 17
VisualStudioVersion = 17.14.36401.2 d17.14
MinimumVisualStudioVersion = 10.0.40219.1
Project("{FAE04EC0-301F-11D3-BF4B-00C04F79EFBC}") = "ExercicioFixacaoSegundaForma", "ExercicioFixacaoSegundaForma\ExercicioFixacaoSegundaForma.csproj", "{EC38202C-181C-464D-A432-9A8C27296CE7}"
EndProject
Global
	GlobalSection(SolutionConfigurationPlatforms) = preSolution
		Debug|Any CPU = Debug|Any CPU
		Release|Any CPU = Release|Any CPU
	EndGlobalSection
	GlobalSection(ProjectConfigurationPlatforms) = postSolution
		{EC38202C-181C-464D-A432-9A8C27296CE7}.Debug|Any CPU.ActiveCfg = Debug|Any CPU
		{EC38202C-181C-464D-A432-9A8C27296CE7}.Debug|Any CPU.Build.0 = Debug|Any CPU
		{EC38202C-181C-464D-A432-9A8C27296CE7}.Release|Any CPU.ActiveCfg = Release|Any CPU
		{EC38202C-181C-464D-A432-9A8C27296CE7}.Release|Any CPU.Build.0 = Release|Any CPU
	EndGlobalSection
	GlobalSection(SolutionProperties) = preSolution
		HideSolutionNode = FALSE
	EndGlobalSection
	GlobalSection(ExtensibilityGlobals) = postSolution
		SolutionGuid = {870CB555-9FA9-4031-90D0-B090683FDA7D}
	EndGlobalSection
EndGlobal
