
Microsoft Visual Studio Solution File, Format Version 12.00
# Visual Studio Version 17
VisualStudioVersion = 17.14.36401.2 d17.14
MinimumVisualStudioVersion = 10.0.40219.1
Project("{FAE04EC0-301F-11D3-BF4B-00C04F79EFBC}") = "FinallyEx", "FinallyEx\FinallyEx.csproj", "{9EC05D2B-4C4B-49C0-B9FC-CEA43CABD202}"
EndProject
Global
	GlobalSection(SolutionConfigurationPlatforms) = preSolution
		Debug|Any CPU = Debug|Any CPU
		Release|Any CPU = Release|Any CPU
	EndGlobalSection
	GlobalSection(ProjectConfigurationPlatforms) = postSolution
		{9EC05D2B-4C4B-49C0-B9FC-CEA43CABD202}.Debug|Any CPU.ActiveCfg = Debug|Any CPU
		{9EC05D2B-4C4B-49C0-B9FC-CEA43CABD202}.Debug|Any CPU.Build.0 = Debug|Any CPU
		{9EC05D2B-4C4B-49C0-B9FC-CEA43CABD202}.Release|Any CPU.ActiveCfg = Release|Any CPU
		{9EC05D2B-4C4B-49C0-B9FC-CEA43CABD202}.Release|Any CPU.Build.0 = Release|Any CPU
	EndGlobalSection
	GlobalSection(SolutionProperties) = preSolution
		HideSolutionNode = FALSE
	EndGlobalSection
	GlobalSection(ExtensibilityGlobals) = postSolution
		SolutionGuid = {3A63B3A5-EDD0-45C7-AE68-BBAC15EA2BAD}
	EndGlobalSection
EndGlobal
