
Microsoft Visual Studio Solution File, Format Version 12.00
# Visual Studio Version 17
VisualStudioVersion = 17.14.36401.2 d17.14
MinimumVisualStudioVersion = 10.0.40219.1
Project("{FAE04EC0-301F-11D3-BF4B-00C04F79EFBC}") = "Exercicio de fixação", "Exercicio de fixação\Exercicio de fixação.csproj", "{6BA514EC-8E7E-4AEA-AEB9-4684943C7A0F}"
EndProject
Global
	GlobalSection(SolutionConfigurationPlatforms) = preSolution
		Debug|Any CPU = Debug|Any CPU
		Release|Any CPU = Release|Any CPU
	EndGlobalSection
	GlobalSection(ProjectConfigurationPlatforms) = postSolution
		{6BA514EC-8E7E-4AEA-AEB9-4684943C7A0F}.Debug|Any CPU.ActiveCfg = Debug|Any CPU
		{6BA514EC-8E7E-4AEA-AEB9-4684943C7A0F}.Debug|Any CPU.Build.0 = Debug|Any CPU
		{6BA514EC-8E7E-4AEA-AEB9-4684943C7A0F}.Release|Any CPU.ActiveCfg = Release|Any CPU
		{6BA514EC-8E7E-4AEA-AEB9-4684943C7A0F}.Release|Any CPU.Build.0 = Release|Any CPU
	EndGlobalSection
	GlobalSection(SolutionProperties) = preSolution
		HideSolutionNode = FALSE
	EndGlobalSection
	GlobalSection(ExtensibilityGlobals) = postSolution
		SolutionGuid = {A86536EC-D63F-42F9-82F4-250C769A66F0}
	EndGlobalSection
EndGlobal
